
Microsoft Visual Studio Solution File, Format Version 12.00
# Visual Studio Version 17
VisualStudioVersion = 17.5.33530.505
MinimumVisualStudioVersion = 10.0.40219.1
Project("{FAE04EC0-301F-11D3-BF4B-00C04F79EFBC}") = "projekttt", "projekttt\projekttt.csproj", "{0DD32DD0-38F9-4BD4-B8A1-1E53F49147CC}"
EndProject
Global
	GlobalSection(SolutionConfigurationPlatforms) = preSolution
		Debug|Any CPU = Debug|Any CPU
		Release|Any CPU = Release|Any CPU
	EndGlobalSection
	GlobalSection(ProjectConfigurationPlatforms) = postSolution
		{0DD32DD0-38F9-4BD4-B8A1-1E53F49147CC}.Debug|Any CPU.ActiveCfg = Debug|Any CPU
		{0DD32DD0-38F9-4BD4-B8A1-1E53F49147CC}.Debug|Any CPU.Build.0 = Debug|Any CPU
		{0DD32DD0-38F9-4BD4-B8A1-1E53F49147CC}.Release|Any CPU.ActiveCfg = Release|Any CPU
		{0DD32DD0-38F9-4BD4-B8A1-1E53F49147CC}.Release|Any CPU.Build.0 = Release|Any CPU
	EndGlobalSection
	GlobalSection(SolutionProperties) = preSolution
		HideSolutionNode = FALSE
	EndGlobalSection
	GlobalSection(ExtensibilityGlobals) = postSolution
		SolutionGuid = {525A0927-C57F-4B4B-94EF-91E53ED85438}
	EndGlobalSection
EndGlobal
